
Microsoft Visual Studio Solution File, Format Version 11.00
# Visual Studio 2010
Project("{FAE04EC0-301F-11D3-BF4B-00C04F79EFBC}") = "UI", "Snake Game\Snake Game\UI.csproj", "{29ECD105-E10B-479B-B6DE-D8EB0826C0D3}"
EndProject
Project("{FAE04EC0-301F-11D3-BF4B-00C04F79EFBC}") = "Snake GameContent", "Snake Game\Snake GameContent\Snake GameContent.contentproj", "{CF016A5F-6C4B-47B0-A029-FB44610F95A6}"
EndProject
Project("{FAE04EC0-301F-11D3-BF4B-00C04F79EFBC}") = "Snake Game.Service", "Snake Game.Service\Snake Game.Service.csproj", "{C8838FEE-13EE-433F-A627-B36D3DBAA494}"
EndProject
Project("{FAE04EC0-301F-11D3-BF4B-00C04F79EFBC}") = "Snake Game.ServiceContracts", "Snake Game.ServiceContracts\Snake Game.ServiceContracts.csproj", "{093A6E86-0767-4D3F-87A8-BF4305CC02B1}"
EndProject
Project("{F088123C-0E9E-452A-89E6-6BA2F21D5CAC}") = "Class", "..\..\ver 1\Snake Game\Class\Class.modelproj", "{353ADA2D-4AC6-40D6-AE63-1DFBCB7DFAB7}"
EndProject
Project("{2150E333-8FDC-42A3-9474-1A3956D46DE8}") = "DataAccess", "DataAccess", "{58EE4E14-391A-4680-9EF7-921285FBFF7B}"
EndProject
Project("{FAE04EC0-301F-11D3-BF4B-00C04F79EFBC}") = "Snake Game.DomainModel", "DomainModel\Snake Game.DomainModel.csproj", "{DF688D8E-C642-4A42-B1D5-93ECF294F09F}"
EndProject
Project("{FAE04EC0-301F-11D3-BF4B-00C04F79EFBC}") = "DataContrats", "DataContrats\DataContrats.csproj", "{A5B8CE62-9934-4F5F-B51A-60DA0369036A}"
EndProject
Project("{FAE04EC0-301F-11D3-BF4B-00C04F79EFBC}") = "Snake Game.Repositories", "Repositories\Snake Game.Repositories.csproj", "{2C26111A-436B-4EA1-B851-C76B916160D0}"
EndProject
Project("{2150E333-8FDC-42A3-9474-1A3956D46DE8}") = "BussnesLogic", "BussnesLogic", "{E34C01EC-0448-461B-A0B7-0676FFC415A6}"
EndProject
Project("{54435603-DBB4-11D2-8724-00A0C9A8B90C}") = "Install", "Install\Install.vdproj", "{9DCDEDB5-7CB5-4A13-AF56-A12F65197599}"
EndProject
Global
	GlobalSection(TeamFoundationVersionControl) = preSolution
		SccNumberOfProjects = 10
		SccEnterpriseProvider = {4CA58AB2-18FA-4F8D-95D4-32DDF27D184C}
		SccTeamFoundationServer = https://tfs.codeplex.com/tfs/tfs19
		SccLocalPath0 = .
		SccProjectUniqueName1 = ..\\..\\ver\u00201\\Snake\u0020Game\\Class\\Class.modelproj
		SccProjectName1 = Class
		SccLocalPath1 = ..\\..\\ver\u00201\\Snake\u0020Game\\Class
		SccProjectUniqueName2 = Snake\u0020Game.Service\\Snake\u0020Game.Service.csproj
		SccProjectTopLevelParentUniqueName2 = Snake\u0020Game.sln
		SccProjectName2 = Snake\u0020Game.Service
		SccLocalPath2 = Snake\u0020Game.Service
		SccProjectUniqueName3 = Snake\u0020Game.ServiceContracts\\Snake\u0020Game.ServiceContracts.csproj
		SccProjectTopLevelParentUniqueName3 = Snake\u0020Game.sln
		SccProjectName3 = Snake\u0020Game.ServiceContracts
		SccLocalPath3 = Snake\u0020Game.ServiceContracts
		SccProjectUniqueName4 = Snake\u0020Game\\Snake\u0020Game\\UI.csproj
		SccProjectName4 = Snake\u0020Game/Snake\u0020Game
		SccLocalPath4 = Snake\u0020Game\\Snake\u0020Game
		SccProjectUniqueName5 = Snake\u0020Game\\Snake\u0020GameContent\\Snake\u0020GameContent.contentproj
		SccProjectName5 = Snake\u0020Game/Snake\u0020GameContent
		SccLocalPath5 = Snake\u0020Game\\Snake\u0020GameContent
		SccProjectUniqueName6 = DomainModel\\Snake\u0020Game.DomainModel.csproj
		SccProjectTopLevelParentUniqueName6 = Snake\u0020Game.sln
		SccProjectName6 = DomainModel
		SccLocalPath6 = DomainModel
		SccProjectUniqueName7 = DataContrats\\DataContrats.csproj
		SccProjectTopLevelParentUniqueName7 = Snake\u0020Game.sln
		SccProjectName7 = DataContrats
		SccLocalPath7 = DataContrats
		SccProjectUniqueName8 = Repositories\\Snake\u0020Game.Repositories.csproj
		SccProjectTopLevelParentUniqueName8 = Snake\u0020Game.sln
		SccProjectName8 = Repositories
		SccLocalPath8 = Repositories
		SccProjectUniqueName9 = Install\\Install.vdproj
		SccProjectName9 = Install
		SccLocalPath9 = Install
	EndGlobalSection
	GlobalSection(SolutionConfigurationPlatforms) = preSolution
		Debug|Any CPU = Debug|Any CPU
		Debug|Mixed Platforms = Debug|Mixed Platforms
		Debug|x86 = Debug|x86
		Release|Any CPU = Release|Any CPU
		Release|Mixed Platforms = Release|Mixed Platforms
		Release|x86 = Release|x86
	EndGlobalSection
	GlobalSection(ProjectConfigurationPlatforms) = postSolution
		{29ECD105-E10B-479B-B6DE-D8EB0826C0D3}.Debug|Any CPU.ActiveCfg = Debug|x86
		{29ECD105-E10B-479B-B6DE-D8EB0826C0D3}.Debug|Mixed Platforms.ActiveCfg = Debug|x86
		{29ECD105-E10B-479B-B6DE-D8EB0826C0D3}.Debug|Mixed Platforms.Build.0 = Debug|x86
		{29ECD105-E10B-479B-B6DE-D8EB0826C0D3}.Debug|x86.ActiveCfg = Debug|x86
		{29ECD105-E10B-479B-B6DE-D8EB0826C0D3}.Debug|x86.Build.0 = Debug|x86
		{29ECD105-E10B-479B-B6DE-D8EB0826C0D3}.Release|Any CPU.ActiveCfg = Release|x86
		{29ECD105-E10B-479B-B6DE-D8EB0826C0D3}.Release|Mixed Platforms.ActiveCfg = Release|x86
		{29ECD105-E10B-479B-B6DE-D8EB0826C0D3}.Release|Mixed Platforms.Build.0 = Release|x86
		{29ECD105-E10B-479B-B6DE-D8EB0826C0D3}.Release|x86.ActiveCfg = Release|x86
		{29ECD105-E10B-479B-B6DE-D8EB0826C0D3}.Release|x86.Build.0 = Release|x86
		{CF016A5F-6C4B-47B0-A029-FB44610F95A6}.Debug|Any CPU.ActiveCfg = Debug|x86
		{CF016A5F-6C4B-47B0-A029-FB44610F95A6}.Debug|Mixed Platforms.ActiveCfg = Debug|x86
		{CF016A5F-6C4B-47B0-A029-FB44610F95A6}.Debug|x86.ActiveCfg = Debug|x86
		{CF016A5F-6C4B-47B0-A029-FB44610F95A6}.Release|Any CPU.ActiveCfg = Release|x86
		{CF016A5F-6C4B-47B0-A029-FB44610F95A6}.Release|Mixed Platforms.ActiveCfg = Release|x86
		{CF016A5F-6C4B-47B0-A029-FB44610F95A6}.Release|x86.ActiveCfg = Release|x86
		{C8838FEE-13EE-433F-A627-B36D3DBAA494}.Debug|Any CPU.ActiveCfg = Debug|x86
		{C8838FEE-13EE-433F-A627-B36D3DBAA494}.Debug|Mixed Platforms.ActiveCfg = Debug|x86
		{C8838FEE-13EE-433F-A627-B36D3DBAA494}.Debug|Mixed Platforms.Build.0 = Debug|x86
		{C8838FEE-13EE-433F-A627-B36D3DBAA494}.Debug|x86.ActiveCfg = Debug|x86
		{C8838FEE-13EE-433F-A627-B36D3DBAA494}.Debug|x86.Build.0 = Debug|x86
		{C8838FEE-13EE-433F-A627-B36D3DBAA494}.Release|Any CPU.ActiveCfg = Release|x86
		{C8838FEE-13EE-433F-A627-B36D3DBAA494}.Release|Mixed Platforms.ActiveCfg = Release|x86
		{C8838FEE-13EE-433F-A627-B36D3DBAA494}.Release|Mixed Platforms.Build.0 = Release|x86
		{C8838FEE-13EE-433F-A627-B36D3DBAA494}.Release|x86.ActiveCfg = Release|x86
		{C8838FEE-13EE-433F-A627-B36D3DBAA494}.Release|x86.Build.0 = Release|x86
		{093A6E86-0767-4D3F-87A8-BF4305CC02B1}.Debug|Any CPU.ActiveCfg = Debug|x86
		{093A6E86-0767-4D3F-87A8-BF4305CC02B1}.Debug|Mixed Platforms.ActiveCfg = Debug|x86
		{093A6E86-0767-4D3F-87A8-BF4305CC02B1}.Debug|Mixed Platforms.Build.0 = Debug|x86
		{093A6E86-0767-4D3F-87A8-BF4305CC02B1}.Debug|x86.ActiveCfg = Debug|x86
		{093A6E86-0767-4D3F-87A8-BF4305CC02B1}.Debug|x86.Build.0 = Debug|x86
		{093A6E86-0767-4D3F-87A8-BF4305CC02B1}.Release|Any CPU.ActiveCfg = Release|x86
		{093A6E86-0767-4D3F-87A8-BF4305CC02B1}.Release|Mixed Platforms.ActiveCfg = Release|x86
		{093A6E86-0767-4D3F-87A8-BF4305CC02B1}.Release|Mixed Platforms.Build.0 = Release|x86
		{093A6E86-0767-4D3F-87A8-BF4305CC02B1}.Release|x86.ActiveCfg = Release|x86
		{093A6E86-0767-4D3F-87A8-BF4305CC02B1}.Release|x86.Build.0 = Release|x86
		{353ADA2D-4AC6-40D6-AE63-1DFBCB7DFAB7}.Debug|Any CPU.ActiveCfg = Debug|Any CPU
		{353ADA2D-4AC6-40D6-AE63-1DFBCB7DFAB7}.Debug|Any CPU.Build.0 = Debug|Any CPU
		{353ADA2D-4AC6-40D6-AE63-1DFBCB7DFAB7}.Debug|Mixed Platforms.ActiveCfg = Debug|Any CPU
		{353ADA2D-4AC6-40D6-AE63-1DFBCB7DFAB7}.Debug|Mixed Platforms.Build.0 = Debug|Any CPU
		{353ADA2D-4AC6-40D6-AE63-1DFBCB7DFAB7}.Debug|x86.ActiveCfg = Debug|Any CPU
		{353ADA2D-4AC6-40D6-AE63-1DFBCB7DFAB7}.Release|Any CPU.ActiveCfg = Release|Any CPU
		{353ADA2D-4AC6-40D6-AE63-1DFBCB7DFAB7}.Release|Any CPU.Build.0 = Release|Any CPU
		{353ADA2D-4AC6-40D6-AE63-1DFBCB7DFAB7}.Release|Mixed Platforms.ActiveCfg = Release|Any CPU
		{353ADA2D-4AC6-40D6-AE63-1DFBCB7DFAB7}.Release|Mixed Platforms.Build.0 = Release|Any CPU
		{353ADA2D-4AC6-40D6-AE63-1DFBCB7DFAB7}.Release|x86.ActiveCfg = Release|Any CPU
		{DF688D8E-C642-4A42-B1D5-93ECF294F09F}.Debug|Any CPU.ActiveCfg = Debug|x86
		{DF688D8E-C642-4A42-B1D5-93ECF294F09F}.Debug|Mixed Platforms.ActiveCfg = Debug|x86
		{DF688D8E-C642-4A42-B1D5-93ECF294F09F}.Debug|Mixed Platforms.Build.0 = Debug|x86
		{DF688D8E-C642-4A42-B1D5-93ECF294F09F}.Debug|x86.ActiveCfg = Debug|x86
		{DF688D8E-C642-4A42-B1D5-93ECF294F09F}.Debug|x86.Build.0 = Debug|x86
		{DF688D8E-C642-4A42-B1D5-93ECF294F09F}.Release|Any CPU.ActiveCfg = Release|x86
		{DF688D8E-C642-4A42-B1D5-93ECF294F09F}.Release|Mixed Platforms.ActiveCfg = Release|x86
		{DF688D8E-C642-4A42-B1D5-93ECF294F09F}.Release|Mixed Platforms.Build.0 = Release|x86
		{DF688D8E-C642-4A42-B1D5-93ECF294F09F}.Release|x86.ActiveCfg = Release|x86
		{DF688D8E-C642-4A42-B1D5-93ECF294F09F}.Release|x86.Build.0 = Release|x86
		{A5B8CE62-9934-4F5F-B51A-60DA0369036A}.Debug|Any CPU.ActiveCfg = Debug|x86
		{A5B8CE62-9934-4F5F-B51A-60DA0369036A}.Debug|Mixed Platforms.ActiveCfg = Debug|x86
		{A5B8CE62-9934-4F5F-B51A-60DA0369036A}.Debug|Mixed Platforms.Build.0 = Debug|x86
		{A5B8CE62-9934-4F5F-B51A-60DA0369036A}.Debug|x86.ActiveCfg = Debug|x86
		{A5B8CE62-9934-4F5F-B51A-60DA0369036A}.Debug|x86.Build.0 = Debug|x86
		{A5B8CE62-9934-4F5F-B51A-60DA0369036A}.Release|Any CPU.ActiveCfg = Release|x86
		{A5B8CE62-9934-4F5F-B51A-60DA0369036A}.Release|Mixed Platforms.ActiveCfg = Release|x86
		{A5B8CE62-9934-4F5F-B51A-60DA0369036A}.Release|Mixed Platforms.Build.0 = Release|x86
		{A5B8CE62-9934-4F5F-B51A-60DA0369036A}.Release|x86.ActiveCfg = Release|x86
		{A5B8CE62-9934-4F5F-B51A-60DA0369036A}.Release|x86.Build.0 = Release|x86
		{2C26111A-436B-4EA1-B851-C76B916160D0}.Debug|Any CPU.ActiveCfg = Debug|x86
		{2C26111A-436B-4EA1-B851-C76B916160D0}.Debug|Mixed Platforms.ActiveCfg = Debug|x86
		{2C26111A-436B-4EA1-B851-C76B916160D0}.Debug|Mixed Platforms.Build.0 = Debug|x86
		{2C26111A-436B-4EA1-B851-C76B916160D0}.Debug|x86.ActiveCfg = Debug|x86
		{2C26111A-436B-4EA1-B851-C76B916160D0}.Debug|x86.Build.0 = Debug|x86
		{2C26111A-436B-4EA1-B851-C76B916160D0}.Release|Any CPU.ActiveCfg = Release|x86
		{2C26111A-436B-4EA1-B851-C76B916160D0}.Release|Mixed Platforms.ActiveCfg = Release|x86
		{2C26111A-436B-4EA1-B851-C76B916160D0}.Release|Mixed Platforms.Build.0 = Release|x86
		{2C26111A-436B-4EA1-B851-C76B916160D0}.Release|x86.ActiveCfg = Release|x86
		{2C26111A-436B-4EA1-B851-C76B916160D0}.Release|x86.Build.0 = Release|x86
		{9DCDEDB5-7CB5-4A13-AF56-A12F65197599}.Debug|Any CPU.ActiveCfg = Debug
		{9DCDEDB5-7CB5-4A13-AF56-A12F65197599}.Debug|Mixed Platforms.ActiveCfg = Debug
		{9DCDEDB5-7CB5-4A13-AF56-A12F65197599}.Debug|x86.ActiveCfg = Debug
		{9DCDEDB5-7CB5-4A13-AF56-A12F65197599}.Release|Any CPU.ActiveCfg = Release
		{9DCDEDB5-7CB5-4A13-AF56-A12F65197599}.Release|Mixed Platforms.ActiveCfg = Release
		{9DCDEDB5-7CB5-4A13-AF56-A12F65197599}.Release|x86.ActiveCfg = Release
	EndGlobalSection
	GlobalSection(SolutionProperties) = preSolution
		HideSolutionNode = FALSE
	EndGlobalSection
	GlobalSection(NestedProjects) = preSolution
		{093A6E86-0767-4D3F-87A8-BF4305CC02B1} = {E34C01EC-0448-461B-A0B7-0676FFC415A6}
		{C8838FEE-13EE-433F-A627-B36D3DBAA494} = {E34C01EC-0448-461B-A0B7-0676FFC415A6}
		{DF688D8E-C642-4A42-B1D5-93ECF294F09F} = {58EE4E14-391A-4680-9EF7-921285FBFF7B}
		{A5B8CE62-9934-4F5F-B51A-60DA0369036A} = {58EE4E14-391A-4680-9EF7-921285FBFF7B}
		{2C26111A-436B-4EA1-B851-C76B916160D0} = {58EE4E14-391A-4680-9EF7-921285FBFF7B}
	EndGlobalSection
EndGlobal
